{
  "version": 4,
  "terraform_version": "1.4.6",
  "serial": 13,
  "lineage": "879386e8-0409-ca1c-1f26-ab4b0029d842",
  "outputs": {},
  "resources": [
    {
      "mode": "managed",
      "type": "azurerm_lb",
      "name": "vmss_load_balancer",
      "provider": "provider[\"registry.terraform.io/hashicorp/azurerm\"]",
      "instances": []
    },
    {
      "mode": "managed",
      "type": "azurerm_lb_backend_address_pool",
      "name": "backend_address_pool",
      "provider": "provider[\"registry.terraform.io/hashicorp/azurerm\"]",
      "instances": []
    },
    {
      "mode": "managed",
      "type": "azurerm_lb_probe",
      "name": "vmss_probe",
      "provider": "provider[\"registry.terraform.io/hashicorp/azurerm\"]",
      "instances": []
    },
    {
      "mode": "managed",
      "type": "azurerm_lb_rule",
      "name": "lbnatrule",
      "provider": "provider[\"registry.terraform.io/hashicorp/azurerm\"]",
      "instances": []
    },
    {
      "mode": "managed",
      "type": "azurerm_private_endpoint",
      "name": "name",
      "provider": "provider[\"registry.terraform.io/hashicorp/azurerm\"]",
      "instances": []
    },
    {
      "mode": "managed",
      "type": "azurerm_resource_group",
      "name": "rg",
      "provider": "provider[\"registry.terraform.io/hashicorp/azurerm\"]",
      "instances": [
        {
          "schema_version": 0,
          "attributes": {
            "id": "/subscriptions/fff309a9-2887-407d-b64d-e074e3d92e5b/resourceGroups/DevopsTraining",
            "location": "eastus",
            "name": "DevopsTraining",
            "tags": {
              "environment": "test"
            },
            "timeouts": null
          },
          "sensitive_attributes": [],
          "private": "eyJlMmJmYjczMC1lY2FhLTExZTYtOGY4OC0zNDM2M2JjN2M0YzAiOnsiY3JlYXRlIjo1NDAwMDAwMDAwMDAwLCJkZWxldGUiOjU0MDAwMDAwMDAwMDAsInJlYWQiOjMwMDAwMDAwMDAwMCwidXBkYXRlIjo1NDAwMDAwMDAwMDAwfX0="
        }
      ]
    },
    {
      "mode": "managed",
      "type": "azurerm_subnet",
      "name": "vmss_subnets",
      "provider": "provider[\"registry.terraform.io/hashicorp/azurerm\"]",
      "instances": [
        {
          "index_key": "AppSubnet",
          "schema_version": 0,
          "attributes": {
            "address_prefixes": [
              "10.0.1.0/24"
            ],
            "delegation": [],
            "enforce_private_link_endpoint_network_policies": false,
            "enforce_private_link_service_network_policies": false,
            "id": "/subscriptions/fff309a9-2887-407d-b64d-e074e3d92e5b/resourceGroups/DevopsTraining/providers/Microsoft.Network/virtualNetworks/aztaskvnet/subnets/AppSubnet",
            "name": "AppSubnet",
            "private_endpoint_network_policies_enabled": true,
            "private_link_service_network_policies_enabled": true,
            "resource_group_name": "DevopsTraining",
            "service_endpoint_policy_ids": [],
            "service_endpoints": [],
            "timeouts": null,
            "virtual_network_name": "aztaskvnet"
          },
          "sensitive_attributes": [],
          "private": "eyJlMmJmYjczMC1lY2FhLTExZTYtOGY4OC0zNDM2M2JjN2M0YzAiOnsiY3JlYXRlIjoxODAwMDAwMDAwMDAwLCJkZWxldGUiOjE4MDAwMDAwMDAwMDAsInJlYWQiOjMwMDAwMDAwMDAwMCwidXBkYXRlIjoxODAwMDAwMDAwMDAwfX0=",
          "dependencies": [
            "azurerm_resource_group.rg",
            "azurerm_virtual_network.vmss_vnet"
          ]
        },
        {
          "index_key": "DbSubnet",
          "schema_version": 0,
          "attributes": {
            "address_prefixes": [
              "10.0.2.0/24"
            ],
            "delegation": [],
            "enforce_private_link_endpoint_network_policies": false,
            "enforce_private_link_service_network_policies": false,
            "id": "/subscriptions/fff309a9-2887-407d-b64d-e074e3d92e5b/resourceGroups/DevopsTraining/providers/Microsoft.Network/virtualNetworks/aztaskvnet/subnets/DbSubnet",
            "name": "DbSubnet",
            "private_endpoint_network_policies_enabled": true,
            "private_link_service_network_policies_enabled": true,
            "resource_group_name": "DevopsTraining",
            "service_endpoint_policy_ids": [],
            "service_endpoints": [],
            "timeouts": null,
            "virtual_network_name": "aztaskvnet"
          },
          "sensitive_attributes": [],
          "private": "eyJlMmJmYjczMC1lY2FhLTExZTYtOGY4OC0zNDM2M2JjN2M0YzAiOnsiY3JlYXRlIjoxODAwMDAwMDAwMDAwLCJkZWxldGUiOjE4MDAwMDAwMDAwMDAsInJlYWQiOjMwMDAwMDAwMDAwMCwidXBkYXRlIjoxODAwMDAwMDAwMDAwfX0=",
          "dependencies": [
            "azurerm_resource_group.rg",
            "azurerm_virtual_network.vmss_vnet"
          ]
        }
      ]
    },
    {
      "mode": "managed",
      "type": "azurerm_traffic_manager_azure_endpoint",
      "name": "example",
      "provider": "provider[\"registry.terraform.io/hashicorp/azurerm\"]",
      "instances": []
    },
    {
      "mode": "managed",
      "type": "azurerm_virtual_machine_scale_set",
      "name": "vmss",
      "provider": "provider[\"registry.terraform.io/hashicorp/azurerm\"]",
      "instances": [
        {
          "schema_version": 1,
          "attributes": {
            "automatic_os_upgrade": false,
            "boot_diagnostics": [],
            "eviction_policy": "",
            "extension": [],
            "health_probe_id": null,
            "id": "/subscriptions/fff309a9-2887-407d-b64d-e074e3d92e5b/resourceGroups/DevopsTraining/providers/Microsoft.Compute/virtualMachineScaleSets/vmscaleset",
            "identity": [],
            "license_type": "",
            "location": "eastus",
            "name": "vmscaleset",
            "network_profile": [
              {
                "accelerated_networking": false,
                "dns_settings": [
                  {
                    "dns_servers": []
                  }
                ],
                "ip_configuration": [
                  {
                    "application_gateway_backend_address_pool_ids": [],
                    "application_security_group_ids": [],
                    "load_balancer_backend_address_pool_ids": [],
                    "load_balancer_inbound_nat_rules_ids": [],
                    "name": "IPConfiguration",
                    "primary": true,
                    "public_ip_address_configuration": [],
                    "subnet_id": "/subscriptions/fff309a9-2887-407d-b64d-e074e3d92e5b/resourceGroups/DevopsTraining/providers/Microsoft.Network/virtualNetworks/aztaskvnet/subnets/AppSubnet"
                  }
                ],
                "ip_forwarding": false,
                "name": "terraformnetworkprofile",
                "network_security_group_id": "",
                "primary": true
              }
            ],
            "os_profile": [
              {
                "admin_password": "Sasidharan*1998",
                "admin_username": "sasidharan",
                "computer_name_prefix": "vmlab",
                "custom_data": "I2Nsb3VkLWNvbmZpZw0KDQpwYWNrYWdlX3VwZ3JhZGU6IHRydWUNCg0KcGFja2FnZXM6DQoNCiAgLSBhcGFjaGUyDQoNCndyaXRlX2ZpbGVzOg0KDQogIC0gY29udGVudDogfA0KDQogICAgICA8aHRtbD48aGVhZD48dGl0bGU+V2VsY29tZSB0byBBcGFjaGUhPC90aXRsZT48L2hlYWQ+PGJvZHk+PGgxPkhlbGxvLCBGcm9tIFZNIDAxITwvaDE+PC9ib2R5PjwvaHRtbD4NCg0KICAgIHBhdGg6IC92YXIvd3d3L2h0bWwvaW5kZXguaHRtbA0KDQpydW5jbWQ6DQoNCiAgLSBzeXN0ZW1jdGwgZW5hYmxlIGFwYWNoZTINCg0KICAtIHN5c3RlbWN0bCBzdGFydCBhcGFjaGUy"
              }
            ],
            "os_profile_linux_config": [
              {
                "disable_password_authentication": false,
                "ssh_keys": []
              }
            ],
            "os_profile_secrets": [],
            "os_profile_windows_config": [],
            "overprovision": true,
            "plan": [],
            "priority": "",
            "proximity_placement_group_id": null,
            "resource_group_name": "DevopsTraining",
            "rolling_upgrade_policy": [],
            "single_placement_group": true,
            "sku": [
              {
                "capacity": 2,
                "name": "Standard_DS1_v2",
                "tier": "Standard"
              }
            ],
            "storage_profile_data_disk": [
              {
                "caching": "ReadWrite",
                "create_option": "Empty",
                "disk_size_gb": 10,
                "lun": 0,
                "managed_disk_type": "Standard_LRS"
              }
            ],
            "storage_profile_image_reference": [
              {
                "id": "",
                "offer": "UbuntuServer",
                "publisher": "Canonical",
                "sku": "16.04-LTS",
                "version": "latest"
              }
            ],
            "storage_profile_os_disk": [
              {
                "caching": "ReadWrite",
                "create_option": "FromImage",
                "image": "",
                "managed_disk_type": "Standard_LRS",
                "name": "",
                "os_type": "",
                "vhd_containers": []
              }
            ],
            "tags": {
              "environment": "test"
            },
            "timeouts": null,
            "upgrade_policy_mode": "Manual",
            "zones": null
          },
          "sensitive_attributes": [],
          "private": "eyJlMmJmYjczMC1lY2FhLTExZTYtOGY4OC0zNDM2M2JjN2M0YzAiOnsiY3JlYXRlIjozNjAwMDAwMDAwMDAwLCJkZWxldGUiOjM2MDAwMDAwMDAwMDAsInJlYWQiOjMwMDAwMDAwMDAwMCwidXBkYXRlIjozNjAwMDAwMDAwMDAwfSwic2NoZW1hX3ZlcnNpb24iOiIxIn0=",
          "dependencies": [
            "azurerm_resource_group.rg",
            "azurerm_subnet.vmss_subnets"
          ]
        }
      ]
    },
    {
      "mode": "managed",
      "type": "azurerm_virtual_network",
      "name": "vmss_vnet",
      "provider": "provider[\"registry.terraform.io/hashicorp/azurerm\"]",
      "instances": [
        {
          "schema_version": 0,
          "attributes": {
            "address_space": [
              "10.0.0.0/16"
            ],
            "bgp_community": "",
            "ddos_protection_plan": [],
            "dns_servers": [],
            "edge_zone": "",
            "flow_timeout_in_minutes": 0,
            "guid": "354955d4-7cd8-4a5d-87e3-25eac4b20c6d",
            "id": "/subscriptions/fff309a9-2887-407d-b64d-e074e3d92e5b/resourceGroups/DevopsTraining/providers/Microsoft.Network/virtualNetworks/aztaskvnet",
            "location": "eastus",
            "name": "aztaskvnet",
            "resource_group_name": "DevopsTraining",
            "subnet": [
              {
                "address_prefix": "10.0.1.0/24",
                "id": "/subscriptions/fff309a9-2887-407d-b64d-e074e3d92e5b/resourceGroups/DevopsTraining/providers/Microsoft.Network/virtualNetworks/aztaskvnet/subnets/AppSubnet",
                "name": "AppSubnet",
                "security_group": ""
              },
              {
                "address_prefix": "10.0.2.0/24",
                "id": "/subscriptions/fff309a9-2887-407d-b64d-e074e3d92e5b/resourceGroups/DevopsTraining/providers/Microsoft.Network/virtualNetworks/aztaskvnet/subnets/DbSubnet",
                "name": "DbSubnet",
                "security_group": ""
              }
            ],
            "tags": {
              "CreatedBy": "056791bdeb6f42b8a96c22b6b8fd7aac",
              "CreatedOn": "10/17/2023",
              "Exempted": "False",
              "ExpiryDate": "10/24/2023",
              "environment": "test"
            },
            "timeouts": null
          },
          "sensitive_attributes": [],
          "private": "eyJlMmJmYjczMC1lY2FhLTExZTYtOGY4OC0zNDM2M2JjN2M0YzAiOnsiY3JlYXRlIjoxODAwMDAwMDAwMDAwLCJkZWxldGUiOjE4MDAwMDAwMDAwMDAsInJlYWQiOjMwMDAwMDAwMDAwMCwidXBkYXRlIjoxODAwMDAwMDAwMDAwfX0=",
          "dependencies": [
            "azurerm_resource_group.rg"
          ]
        }
      ]
    }
  ],
  "check_results": null
}
